// !$*UTF8*$!
{
	archiveVersion = 1;
	classes = {
	};
	objectVersion = 46;
	objects = {

/* Begin PBXBuildFile section */
		3F58F3801D899C7B00F517C2 /* AppDelegate.swift in Sources */ = {isa = PBXBuildFile; fileRef = 3F58F37F1D899C7B00F517C2 /* AppDelegate.swift */; };
		3F58F3821D899C7B00F517C2 /* ViewController.swift in Sources */ = {isa = PBXBuildFile; fileRef = 3F58F3811D899C7B00F517C2 /* ViewController.swift */; };
		3F58F3851D899C7B00F517C2 /* Main.storyboard in Resources */ = {isa = PBXBuildFile; fileRef = 3F58F3831D899C7B00F517C2 /* Main.storyboard */; };
		3F58F3871D899C7B00F517C2 /* Assets.xcassets in Resources */ = {isa = PBXBuildFile; fileRef = 3F58F3861D899C7B00F517C2 /* Assets.xcassets */; };
		3F58F38A1D899C7B00F517C2 /* LaunchScreen.storyboard in Resources */ = {isa = PBXBuildFile; fileRef = 3F58F3881D899C7B00F517C2 /* LaunchScreen.storyboard */; };
		3F58F3951D899C7B00F517C2 /* multiplyAppTests.swift in Sources */ = {isa = PBXBuildFile; fileRef = 3F58F3941D899C7B00F517C2 /* multiplyAppTests.swift */; };
		3F58F3A01D899C7B00F517C2 /* multiplyAppUITests.swift in Sources */ = {isa = PBXBuildFile; fileRef = 3F58F39F1D899C7B00F517C2 /* multiplyAppUITests.swift */; };
/* End PBXBuildFile section */

/* Begin PBXContainerItemProxy section */
		3F58F3911D899C7B00F517C2 /* PBXContainerItemProxy */ = {
			isa = PBXContainerItemProxy;
			containerPortal = 3F58F3741D899C7B00F517C2 /* Project object */;
			proxyType = 1;
			remoteGlobalIDString = 3F58F37B1D899C7B00F517C2;
			remoteInfo = multiplyApp;
		};
		3F58F39C1D899C7B00F517C2 /* PBXContainerItemProxy */ = {
			isa = PBXContainerItemProxy;
			containerPortal = 3F58F3741D899C7B00F517C2 /* Project object */;
			proxyType = 1;
			remoteGlobalIDString = 3F58F37B1D899C7B00F517C2;
			remoteInfo = multiplyApp;
		};
/* End PBXContainerItemProxy section */

/* Begin PBXFileReference section */
		3F58F37C1D899C7B00F517C2 /* multiplyApp.app */ = {isa = PBXFileReference; explicitFileType = wrapper.application; includeInIndex = 0; path = multiplyApp.app; sourceTree = BUILT_PRODUCTS_DIR; };
		3F58F37F1D899C7B00F517C2 /* AppDelegate.swift */ = {isa = PBXFileReference; lastKnownFileType = sourcecode.swift; path = AppDelegate.swift; sourceTree = "<group>"; };
		3F58F3811D899C7B00F517C2 /* ViewController.swift */ = {isa = PBXFileReference; lastKnownFileType = sourcecode.swift; path = ViewController.swift; sourceTree = "<group>"; };
		3F58F3841D899C7B00F517C2 /* Base */ = {isa = PBXFileReference; lastKnownFileType = file.storyboard; name = Base; path = Base.lproj/Main.storyboard; sourceTree = "<group>"; };
		3F58F3861D899C7B00F517C2 /* Assets.xcassets */ = {isa = PBXFileReference; lastKnownFileType = folder.assetcatalog; path = Assets.xcassets; sourceTree = "<group>"; };
		3F58F3891D899C7B00F517C2 /* Base */ = {isa = PBXFileReference; lastKnownFileType = file.storyboard; name = Base; path = Base.lproj/LaunchScreen.storyboard; sourceTree = "<group>"; };
		3F58F38B1D899C7B00F517C2 /* Info.plist */ = {isa = PBXFileReference; lastKnownFileType = text.plist.xml; path = Info.plist; sourceTree = "<group>"; };
		3F58F3901D899C7B00F517C2 /* multiplyAppTests.xctest */ = {isa = PBXFileReference; explicitFileType = wrapper.cfbundle; includeInIndex = 0; path = multiplyAppTests.xctest; sourceTree = BUILT_PRODUCTS_DIR; };
		3F58F3941D899C7B00F517C2 /* multiplyAppTests.swift */ = {isa = PBXFileReference; lastKnownFileType = sourcecode.swift; path = multiplyAppTests.swift; sourceTree = "<group>"; };
		3F58F3961D899C7B00F517C2 /* Info.plist */ = {isa = PBXFileReference; lastKnownFileType = text.plist.xml; path = Info.plist; sourceTree = "<group>"; };
		3F58F39B1D899C7B00F517C2 /* multiplyAppUITests.xctest */ = {isa = PBXFileReference; explicitFileType = wrapper.cfbundle; includeInIndex = 0; path = multiplyAppUITests.xctest; sourceTree = BUILT_PRODUCTS_DIR; };
		3F58F39F1D899C7B00F517C2 /* multiplyAppUITests.swift */ = {isa = PBXFileReference; lastKnownFileType = sourcecode.swift; path = multiplyAppUITests.swift; sourceTree = "<group>"; };
		3F58F3A11D899C7B00F517C2 /* Info.plist */ = {isa = PBXFileReference; lastKnownFileType = text.plist.xml; path = Info.plist; sourceTree = "<group>"; };
/* End PBXFileReference section */

/* Begin PBXFrameworksBuildPhase section */
		3F58F3791D899C7B00F517C2 /* Frameworks */ = {
			isa = PBXFrameworksBuildPhase;
			buildActionMask = 2147483647;
			files = (
			);
			runOnlyForDeploymentPostprocessing = 0;
		};
		3F58F38D1D899C7B00F517C2 /* Frameworks */ = {
			isa = PBXFrameworksBuildPhase;
			buildActionMask = 2147483647;
			files = (
			);
			runOnlyForDeploymentPostprocessing = 0;
		};
		3F58F3981D899C7B00F517C2 /* Frameworks */ = {
			isa = PBXFrameworksBuildPhase;
			buildActionMask = 2147483647;
			files = (
			);
			runOnlyForDeploymentPostprocessing = 0;
		};
/* End PBXFrameworksBuildPhase section */

/* Begin PBXGroup section */
		3F58F3731D899C7A00F517C2 = {
			isa = PBXGroup;
			children = (
				3F58F37E1D899C7B00F517C2 /* multiplyApp */,
				3F58F3931D899C7B00F517C2 /* multiplyAppTests */,
				3F58F39E1D899C7B00F517C2 /* multiplyAppUITests */,
				3F58F37D1D899C7B00F517C2 /* Products */,
			);
			sourceTree = "<group>";
		};
		3F58F37D1D899C7B00F517C2 /* Products */ = {
			isa = PBXGroup;
			children = (
				3F58F37C1D899C7B00F517C2 /* multiplyApp.app */,
				3F58F3901D899C7B00F517C2 /* multiplyAppTests.xctest */,
				3F58F39B1D899C7B00F517C2 /* multiplyAppUITests.xctest */,
			);
			name = Products;
			sourceTree = "<group>";
		};
		3F58F37E1D899C7B00F517C2 /* multiplyApp */ = {
			isa = PBXGroup;
			children = (
				3F58F37F1D899C7B00F517C2 /* AppDelegate.swift */,
				3F58F3811D899C7B00F517C2 /* ViewController.swift */,
				3F58F3831D899C7B00F517C2 /* Main.storyboard */,
				3F58F3861D899C7B00F517C2 /* Assets.xcassets */,
				3F58F3881D899C7B00F517C2 /* LaunchScreen.storyboard */,
				3F58F38B1D899C7B00F517C2 /* Info.plist */,
			);
			path = multiplyApp;
			sourceTree = "<group>";
		};
		3F58F3931D899C7B00F517C2 /* multiplyAppTests */ = {
			isa = PBXGroup;
			children = (
				3F58F3941D899C7B00F517C2 /* multiplyAppTests.swift */,
				3F58F3961D899C7B00F517C2 /* Info.plist */,
			);
			path = multiplyAppTests;
			sourceTree = "<group>";
		};
		3F58F39E1D899C7B00F517C2 /* multiplyAppUITests */ = {
			isa = PBXGroup;
			children = (
				3F58F39F1D899C7B00F517C2 /* multiplyAppUITests.swift */,
				3F58F3A11D899C7B00F517C2 /* Info.plist */,
			);
			path = multiplyAppUITests;
			sourceTree = "<group>";
		};
/* End PBXGroup section */

/* Begin PBXNativeTarget section */
		3F58F37B1D899C7B00F517C2 /* multiplyApp */ = {
			isa = PBXNativeTarget;
			buildConfigurationList = 3F58F3A41D899C7B00F517C2 /* Build configuration list for PBXNativeTarget "multiplyApp" */;
			buildPhases = (
				3F58F3781D899C7B00F517C2 /* Sources */,
				3F58F3791D899C7B00F517C2 /* Frameworks */,
				3F58F37A1D899C7B00F517C2 /* Resources */,
			);
			buildRules = (
			);
			dependencies = (
			);
			name = multiplyApp;
			productName = multiplyApp;
			productReference = 3F58F37C1D899C7B00F517C2 /* multiplyApp.app */;
			productType = "com.apple.product-type.application";
		};
		3F58F38F1D899C7B00F517C2 /* multiplyAppTests */ = {
			isa = PBXNativeTarget;
			buildConfigurationList = 3F58F3A71D899C7B00F517C2 /* Build configuration list for PBXNativeTarget "multiplyAppTests" */;
			buildPhases = (
				3F58F38C1D899C7B00F517C2 /* Sources */,
				3F58F38D1D899C7B00F517C2 /* Frameworks */,
				3F58F38E1D899C7B00F517C2 /* Resources */,
			);
			buildRules = (
			);
			dependencies = (
				3F58F3921D899C7B00F517C2 /* PBXTargetDependency */,
			);
			name = multiplyAppTests;
			productName = multiplyAppTests;
			productReference = 3F58F3901D899C7B00F517C2 /* multiplyAppTests.xctest */;
			productType = "com.apple.product-type.bundle.unit-test";
		};
		3F58F39A1D899C7B00F517C2 /* multiplyAppUITests */ = {
			isa = PBXNativeTarget;
			buildConfigurationList = 3F58F3AA1D899C7B00F517C2 /* Build configuration list for PBXNativeTarget "multiplyAppUITests" */;
			buildPhases = (
				3F58F3971D899C7B00F517C2 /* Sources */,
				3F58F3981D899C7B00F517C2 /* Frameworks */,
				3F58F3991D899C7B00F517C2 /* Resources */,
			);
			buildRules = (
			);
			dependencies = (
				3F58F39D1D899C7B00F517C2 /* PBXTargetDependency */,
			);
			name = multiplyAppUITests;
			productName = multiplyAppUITests;
			productReference = 3F58F39B1D899C7B00F517C2 /* multiplyAppUITests.xctest */;
			productType = "com.apple.product-type.bundle.ui-testing";
		};
/* End PBXNativeTarget section */

/* Begin PBXProject section */
		3F58F3741D899C7B00F517C2 /* Project object */ = {
			isa = PBXProject;
			attributes = {
				LastSwiftUpdateCheck = 0730;
				LastUpgradeCheck = 0730;
				ORGANIZATIONNAME = Jack;
				TargetAttributes = {
					3F58F37B1D899C7B00F517C2 = {
						CreatedOnToolsVersion = 7.3.1;
						LastSwiftMigration = 0810;
					};
					3F58F38F1D899C7B00F517C2 = {
						CreatedOnToolsVersion = 7.3.1;
						LastSwiftMigration = 0810;
						TestTargetID = 3F58F37B1D899C7B00F517C2;
					};
					3F58F39A1D899C7B00F517C2 = {
						CreatedOnToolsVersion = 7.3.1;
						LastSwiftMigration = 0810;
						TestTargetID = 3F58F37B1D899C7B00F517C2;
					};
				};
			};
			buildConfigurationList = 3F58F3771D899C7B00F517C2 /* Build configuration list for PBXProject "multiplyApp" */;
			compatibilityVersion = "Xcode 3.2";
			developmentRegion = English;
			hasScannedForEncodings = 0;
			knownRegions = (
				en,
				Base,
			);
			mainGroup = 3F58F3731D899C7A00F517C2;
			productRefGroup = 3F58F37D1D899C7B00F517C2 /* Products */;
			projectDirPath = "";
			projectRoot = "";
			targets = (
				3F58F37B1D899C7B00F517C2 /* multiplyApp */,
				3F58F38F1D899C7B00F517C2 /* multiplyAppTests */,
				3F58F39A1D899C7B00F517C2 /* multiplyAppUITests */,
			);
		};
/* End PBXProject section */

/* Begin PBXResourcesBuildPhase section */
		3F58F37A1D899C7B00F517C2 /* Resources */ = {
			isa = PBXResourcesBuildPhase;
			buildActionMask = 2147483647;
			files = (
				3F58F38A1D899C7B00F517C2 /* LaunchScreen.storyboard in Resources */,
				3F58F3871D899C7B00F517C2 /* Assets.xcassets in Resources */,
				3F58F3851D899C7B00F517C2 /* Main.storyboard in Resources */,
			);
			runOnlyForDeploymentPostprocessing = 0;
		};
		3F58F38E1D899C7B00F517C2 /* Resources */ = {
			isa = PBXResourcesBuildPhase;
			buildActionMask = 2147483647;
			files = (
			);
			runOnlyForDeploymentPostprocessing = 0;
		};
		3F58F3991D899C7B00F517C2 /* Resources */ = {
			isa = PBXResourcesBuildPhase;
			buildActionMask = 2147483647;
			files = (
			);
			runOnlyForDeploymentPostprocessing = 0;
		};
/* End PBXResourcesBuildPhase section */

/* Begin PBXSourcesBuildPhase section */
		3F58F3781D899C7B00F517C2 /* Sources */ = {
			isa = PBXSourcesBuildPhase;
			buildActionMask = 2147483647;
			files = (
				3F58F3821D899C7B00F517C2 /* ViewController.swift in Sources */,
				3F58F3801D899C7B00F517C2 /* AppDelegate.swift in Sources */,
			);
			runOnlyForDeploymentPostprocessing = 0;
		};
		3F58F38C1D899C7B00F517C2 /* Sources */ = {
			isa = PBXSourcesBuildPhase;
			buildActionMask = 2147483647;
			files = (
				3F58F3951D899C7B00F517C2 /* multiplyAppTests.swift in Sources */,
			);
			runOnlyForDeploymentPostprocessing = 0;
		};
		3F58F3971D899C7B00F517C2 /* Sources */ = {
			isa = PBXSourcesBuildPhase;
			buildActionMask = 2147483647;
			files = (
				3F58F3A01D899C7B00F517C2 /* multiplyAppUITests.swift in Sources */,
			);
			runOnlyForDeploymentPostprocessing = 0;
		};
/* End PBXSourcesBuildPhase section */

/* Begin PBXTargetDependency section */
		3F58F3921D899C7B00F517C2 /* PBXTargetDependency */ = {
			isa = PBXTargetDependency;
			target = 3F58F37B1D899C7B00F517C2 /* multiplyApp */;
			targetProxy = 3F58F3911D899C7B00F517C2 /* PBXContainerItemProxy */;
		};
		3F58F39D1D899C7B00F517C2 /* PBXTargetDependency */ = {
			isa = PBXTargetDependency;
			target = 3F58F37B1D899C7B00F517C2 /* multiplyApp */;
			targetProxy = 3F58F39C1D899C7B00F517C2 /* PBXContainerItemProxy */;
		};
/* End PBXTargetDependency section */

/* Begin PBXVariantGroup section */
		3F58F3831D899C7B00F517C2 /* Main.storyboard */ = {
			isa = PBXVariantGroup;
			children = (
				3F58F3841D899C7B00F517C2 /* Base */,
			);
			name = Main.storyboard;
			sourceTree = "<group>";
		};
		3F58F3881D899C7B00F517C2 /* LaunchScreen.storyboard */ = {
			isa = PBXVariantGroup;
			children = (
				3F58F3891D899C7B00F517C2 /* Base */,
			);
			name = LaunchScreen.storyboard;
			sourceTree = "<group>";
		};
/* End PBXVariantGroup section */

/* Begin XCBuildConfiguration section */
		3F58F3A21D899C7B00F517C2 /* Debug */ = {
			isa = XCBuildConfiguration;
			buildSettings = {
				ALWAYS_SEARCH_USER_PATHS = NO;
				CLANG_ANALYZER_NONNULL = YES;
				CLANG_CXX_LANGUAGE_STANDARD = "gnu++0x";
				CLANG_CXX_LIBRARY = "libc++";
				CLANG_ENABLE_MODULES = YES;
				CLANG_ENABLE_OBJC_ARC = YES;
				CLANG_WARN_BOOL_CONVERSION = YES;
				CLANG_WARN_CONSTANT_CONVERSION = YES;
				CLANG_WARN_DIRECT_OBJC_ISA_USAGE = YES_ERROR;
				CLANG_WARN_EMPTY_BODY = YES;
				CLANG_WARN_ENUM_CONVERSION = YES;
				CLANG_WARN_INT_CONVERSION = YES;
				CLANG_WARN_OBJC_ROOT_CLASS = YES_ERROR;
				CLANG_WARN_UNREACHABLE_CODE = YES;
				CLANG_WARN__DUPLICATE_METHOD_MATCH = YES;
				"CODE_SIGN_IDENTITY[sdk=iphoneos*]" = "iPhone Developer";
				COPY_PHASE_STRIP = NO;
				DEBUG_INFORMATION_FORMAT = dwarf;
				ENABLE_STRICT_OBJC_MSGSEND = YES;
				ENABLE_TESTABILITY = YES;
				GCC_C_LANGUAGE_STANDARD = gnu99;
				GCC_DYNAMIC_NO_PIC = NO;
				GCC_NO_COMMON_BLOCKS = YES;
				GCC_OPTIMIZATION_LEVEL = 0;
				GCC_PREPROCESSOR_DEFINITIONS = (
					"DEBUG=1",
					"$(inherited)",
				);
				GCC_WARN_64_TO_32_BIT_CONVERSION = YES;
				GCC_WARN_ABOUT_RETURN_TYPE = YES_ERROR;
				GCC_WARN_UNDECLARED_SELECTOR = YES;
				GCC_WARN_UNINITIALIZED_AUTOS = YES_AGGRESSIVE;
				GCC_WARN_UNUSED_FUNCTION = YES;
				GCC_WARN_UNUSED_VARIABLE = YES;
				IPHONEOS_DEPLOYMENT_TARGET = 9.3;
				MTL_ENABLE_DEBUG_INFO = YES;
				ONLY_ACTIVE_ARCH = YES;
				SDKROOT = iphoneos;
				SWIFT_OPTIMIZATION_LEVEL = "-Onone";
				TARGETED_DEVICE_FAMILY = "1,2";
			};
			name = Debug;
		};
		3F58F3A31D899C7B00F517C2 /* Release */ = {
			isa = XCBuildConfiguration;
			buildSettings = {
				ALWAYS_SEARCH_USER_PATHS = NO;
				CLANG_ANALYZER_NONNULL = YES;
				CLANG_CXX_LANGUAGE_STANDARD = "gnu++0x";
				CLANG_CXX_LIBRARY = "libc++";
				CLANG_ENABLE_MODULES = YES;
				CLANG_ENABLE_OBJC_ARC = YES;
				CLANG_WARN_BOOL_CONVERSION = YES;
				CLANG_WARN_CONSTANT_CONVERSION = YES;
				CLANG_WARN_DIRECT_OBJC_ISA_USAGE = YES_ERROR;
				CLANG_WARN_EMPTY_BODY = YES;
				CLANG_WARN_ENUM_CONVERSION = YES;
				CLANG_WARN_INT_CONVERSION = YES;
				CLANG_WARN_OBJC_ROOT_CLASS = YES_ERROR;
				CLANG_WARN_UNREACHABLE_CODE = YES;
				CLANG_WARN__DUPLICATE_METHOD_MATCH = YES;
				"CODE_SIGN_IDENTITY[sdk=iphoneos*]" = "iPhone Developer";
				COPY_PHASE_STRIP = NO;
				DEBUG_INFORMATION_FORMAT = "dwarf-with-dsym";
				ENABLE_NS_ASSERTIONS = NO;
				ENABLE_STRICT_OBJC_MSGSEND = YES;
				GCC_C_LANGUAGE_STANDARD = gnu99;
				GCC_NO_COMMON_BLOCKS = YES;
				GCC_WARN_64_TO_32_BIT_CONVERSION = YES;
				GCC_WARN_ABOUT_RETURN_TYPE = YES_ERROR;
				GCC_WARN_UNDECLARED_SELECTOR = YES;
				GCC_WARN_UNINITIALIZED_AUTOS = YES_AGGRESSIVE;
				GCC_WARN_UNUSED_FUNCTION = YES;
				GCC_WARN_UNUSED_VARIABLE = YES;
				IPHONEOS_DEPLOYMENT_TARGET = 9.3;
				MTL_ENABLE_DEBUG_INFO = NO;
				SDKROOT = iphoneos;
				TARGETED_DEVICE_FAMILY = "1,2";
				VALIDATE_PRODUCT = YES;
			};
			name = Release;
		};
		3F58F3A51D899C7B00F517C2 /* Debug */ = {
			isa = XCBuildConfiguration;
			buildSettings = {
				ASSETCATALOG_COMPILER_APPICON_NAME = AppIcon;
				INFOPLIST_FILE = multiplyApp/Info.plist;
				LD_RUNPATH_SEARCH_PATHS = "$(inherited) @executable_path/Frameworks";
				PRODUCT_BUNDLE_IDENTIFIER = BHS.multiplyApp;
				PRODUCT_NAME = "$(TARGET_NAME)";
				SWIFT_VERSION = 3.0;
			};
			name = Debug;
		};
		3F58F3A61D899C7B00F517C2 /* Release */ = {
			isa = XCBuildConfiguration;
			buildSettings = {
				ASSETCATALOG_COMPILER_APPICON_NAME = AppIcon;
				INFOPLIST_FILE = multiplyApp/Info.plist;
				LD_RUNPATH_SEARCH_PATHS = "$(inherited) @executable_path/Frameworks";
				PRODUCT_BUNDLE_IDENTIFIER = BHS.multiplyApp;
				PRODUCT_NAME = "$(TARGET_NAME)";
				SWIFT_VERSION = 3.0;
			};
			name = Release;
		};
		3F58F3A81D899C7B00F517C2 /* Debug */ = {
			isa = XCBuildConfiguration;
			buildSettings = {
				BUNDLE_LOADER = "$(TEST_HOST)";
				INFOPLIST_FILE = multiplyAppTests/Info.plist;
				LD_RUNPATH_SEARCH_PATHS = "$(inherited) @executable_path/Frameworks @loader_path/Frameworks";
				PRODUCT_BUNDLE_IDENTIFIER = BHS.multiplyAppTests;
				PRODUCT_NAME = "$(TARGET_NAME)";
				SWIFT_VERSION = 3.0;
				TEST_HOST = "$(BUILT_PRODUCTS_DIR)/multiplyApp.app/multiplyApp";
			};
			name = Debug;
		};
		3F58F3A91D899C7B00F517C2 /* Release */ = {
			isa = XCBuildConfiguration;
			buildSettings = {
				BUNDLE_LOADER = "$(TEST_HOST)";
				INFOPLIST_FILE = multiplyAppTests/Info.plist;
				LD_RUNPATH_SEARCH_PATHS = "$(inherited) @executable_path/Frameworks @loader_path/Frameworks";
				PRODUCT_BUNDLE_IDENTIFIER = BHS.multiplyAppTests;
				PRODUCT_NAME = "$(TARGET_NAME)";
				SWIFT_VERSION = 3.0;
				TEST_HOST = "$(BUILT_PRODUCTS_DIR)/multiplyApp.app/multiplyApp";
			};
			name = Release;
		};
		3F58F3AB1D899C7B00F517C2 /* Debug */ = {
			isa = XCBuildConfiguration;
			buildSettings = {
				INFOPLIST_FILE = multiplyAppUITests/Info.plist;
				LD_RUNPATH_SEARCH_PATHS = "$(inherited) @executable_path/Frameworks @loader_path/Frameworks";
				PRODUCT_BUNDLE_IDENTIFIER = BHS.multiplyAppUITests;
				PRODUCT_NAME = "$(TARGET_NAME)";
				SWIFT_VERSION = 3.0;
				TEST_TARGET_NAME = multiplyApp;
			};
			name = Debug;
		};
		3F58F3AC1D899C7B00F517C2 /* Release */ = {
			isa = XCBuildConfiguration;
			buildSettings = {
				INFOPLIST_FILE = multiplyAppUITests/Info.plist;
				LD_RUNPATH_SEARCH_PATHS = "$(inherited) @executable_path/Frameworks @loader_path/Frameworks";
				PRODUCT_BUNDLE_IDENTIFIER = BHS.multiplyAppUITests;
				PRODUCT_NAME = "$(TARGET_NAME)";
				SWIFT_VERSION = 3.0;
				TEST_TARGET_NAME = multiplyApp;
			};
			name = Release;
		};
/* End XCBuildConfiguration section */

/* Begin XCConfigurationList section */
		3F58F3771D899C7B00F517C2 /* Build configuration list for PBXProject "multiplyApp" */ = {
			isa = XCConfigurationList;
			buildConfigurations = (
				3F58F3A21D899C7B00F517C2 /* Debug */,
				3F58F3A31D899C7B00F517C2 /* Release */,
			);
			defaultConfigurationIsVisible = 0;
			defaultConfigurationName = Release;
		};
		3F58F3A41D899C7B00F517C2 /* Build configuration list for PBXNativeTarget "multiplyApp" */ = {
			isa = XCConfigurationList;
			buildConfigurations = (
				3F58F3A51D899C7B00F517C2 /* Debug */,
				3F58F3A61D899C7B00F517C2 /* Release */,
			);
			defaultConfigurationIsVisible = 0;
			defaultConfigurationName = Release;
		};
		3F58F3A71D899C7B00F517C2 /* Build configuration list for PBXNativeTarget "multiplyAppTests" */ = {
			isa = XCConfigurationList;
			buildConfigurations = (
				3F58F3A81D899C7B00F517C2 /* Debug */,
				3F58F3A91D899C7B00F517C2 /* Release */,
			);
			defaultConfigurationIsVisible = 0;
			defaultConfigurationName = Release;
		};
		3F58F3AA1D899C7B00F517C2 /* Build configuration list for PBXNativeTarget "multiplyAppUITests" */ = {
			isa = XCConfigurationList;
			buildConfigurations = (
				3F58F3AB1D899C7B00F517C2 /* Debug */,
				3F58F3AC1D899C7B00F517C2 /* Release */,
			);
			defaultConfigurationIsVisible = 0;
			defaultConfigurationName = Release;
		};
/* End XCConfigurationList section */
	};
	rootObject = 3F58F3741D899C7B00F517C2 /* Project object */;
}
